
Microsoft Visual Studio Solution File, Format Version 12.00
# Visual Studio 14
VisualStudioVersion = 14.0.25420.1
MinimumVisualStudioVersion = 10.0.40219.1
Project("{FAE04EC0-301F-11D3-BF4B-00C04F79EFBC}") = "MvcSalesApp.Web", "MvcSalesApp.Web\MvcSalesApp.Web.csproj", "{51F7CB6A-0A57-4FB9-B311-F43545D70B49}"
	ProjectSection(ProjectDependencies) = postProject
		{2CB1DCC3-D94A-493F-8AC4-9F0BC0B75603} = {2CB1DCC3-D94A-493F-8AC4-9F0BC0B75603}
	EndProjectSection
EndProject
Project("{FAE04EC0-301F-11D3-BF4B-00C04F79EFBC}") = "SharedKernel.Data", "SharedKernel.Data\SharedKernel.Data.csproj", "{2CB1DCC3-D94A-493F-8AC4-9F0BC0B75603}"
EndProject
Project("{FAE04EC0-301F-11D3-BF4B-00C04F79EFBC}") = "MvcSalesApp.SharedKernel", "MvcSalesApp.SharedKernel\MvcSalesApp.SharedKernel.csproj", "{DBCC5394-B845-448F-A7CD-161068F16E22}"
EndProject
Project("{FAE04EC0-301F-11D3-BF4B-00C04F79EFBC}") = "MvcSalesApp.Tests.SharedKernel", "MvcSalesApp.Tests.SharedKernel\MvcSalesApp.Tests.SharedKernel.csproj", "{4F0AF1A2-1D9A-4AA1-A802-E046890BCB71}"
EndProject
Project("{FAE04EC0-301F-11D3-BF4B-00C04F79EFBC}") = "MvcSalesApp.Web.CustomerFacing", "MvcSalesApp.Web.CustomerFacing\MvcSalesApp.Web.CustomerFacing.csproj", "{66A1BCDA-33E6-4B13-9086-DDE42D3CE558}"
EndProject
Project("{FAE04EC0-301F-11D3-BF4B-00C04F79EFBC}") = "MvcSalesApp.Web.CustomerFacing.ViewModels", "ViewModels\MvcSalesApp.Web.CustomerFacing.ViewModels.csproj", "{DA8CFCD3-0C8A-4BAE-BFBB-F0AE5E4C7070}"
EndProject
Project("{2150E333-8FDC-42A3-9474-1A3956D46DE8}") = "BC_Maintenance", "BC_Maintenance", "{4F193F90-E9BF-4CBA-80CC-D4241E88F053}"
EndProject
Project("{2150E333-8FDC-42A3-9474-1A3956D46DE8}") = "Data", "Data", "{6264BEE0-8E2E-4FAF-AA2F-B9CEC4256926}"
EndProject
Project("{2150E333-8FDC-42A3-9474-1A3956D46DE8}") = "Domain", "Domain", "{AFDC65F7-AEE2-4D09-ABBA-7AE78E2EFC6E}"
EndProject
Project("{2150E333-8FDC-42A3-9474-1A3956D46DE8}") = "Tests", "Tests", "{DAE59A7D-1C4A-40E4-9EFB-D0792762E4D3}"
EndProject
Project("{2150E333-8FDC-42A3-9474-1A3956D46DE8}") = "BC_Order", "BC_Order", "{AA9A60B7-3036-4FAA-827B-C86D973A2FCE}"
EndProject
Project("{2150E333-8FDC-42A3-9474-1A3956D46DE8}") = "BC_ShoppingCart", "BC_ShoppingCart", "{F421F183-9D81-4905-BF3D-3E222DA28BBF}"
EndProject
Project("{2150E333-8FDC-42A3-9474-1A3956D46DE8}") = "Data", "Data", "{0B9B4167-9094-47B7-9DB1-241037DDA508}"
EndProject
Project("{2150E333-8FDC-42A3-9474-1A3956D46DE8}") = "Domain", "Domain", "{07C72F2D-8D6F-40DF-8567-64955551B4CF}"
EndProject
Project("{2150E333-8FDC-42A3-9474-1A3956D46DE8}") = "Tests", "Tests", "{D35065AF-613B-4724-8C98-7790A05F5CD5}"
EndProject
Project("{2150E333-8FDC-42A3-9474-1A3956D46DE8}") = "SharedKernel", "SharedKernel", "{612BC30D-E217-407B-80BA-8189AC5FEC5A}"
EndProject
Project("{FAE04EC0-301F-11D3-BF4B-00C04F79EFBC}") = "Maintenance.Domain", "Maintenance.Domain\Maintenance.Domain.csproj", "{81378D3B-B9FA-48FF-BFA0-107719E6F0DD}"
EndProject
Project("{FAE04EC0-301F-11D3-BF4B-00C04F79EFBC}") = "Maintenance.Data", "Maintenance.Data\Maintenance.Data.csproj", "{FB761ADA-E2AA-4E7C-AF13-706552DA3956}"
EndProject
Project("{FAE04EC0-301F-11D3-BF4B-00C04F79EFBC}") = "Maintenance.Domain.Tests", "Maintenance.Domain.Tests\Maintenance.Domain.Tests.csproj", "{E18392A5-1D39-47DF-8D1D-57FA64AB750E}"
EndProject
Project("{FAE04EC0-301F-11D3-BF4B-00C04F79EFBC}") = "Maintenance.Data.Tests", "Maintenance.Data.Tests\Maintenance.Data.Tests.csproj", "{20ECAFA0-24EA-4C10-842B-CDCACD7866F5}"
EndProject
Project("{FAE04EC0-301F-11D3-BF4B-00C04F79EFBC}") = "ShoppingCart.Domain", "ShoppingCart.Domain\ShoppingCart.Domain.csproj", "{6CF8F731-C364-41A0-991B-582F760639A7}"
EndProject
Project("{FAE04EC0-301F-11D3-BF4B-00C04F79EFBC}") = "ShoppingCart.Domain.Tests", "ShoppingCart.Domain.Tests\ShoppingCart.Domain.Tests.csproj", "{7D88CE02-576B-49F4-AA7F-EED90CBF7682}"
EndProject
Project("{FAE04EC0-301F-11D3-BF4B-00C04F79EFBC}") = "ShoppingCart.Data", "ShoppingCart.Data\ShoppingCart.Data.csproj", "{37105ED2-7DA0-4DE8-B7DB-252048128E52}"
EndProject
Project("{FAE04EC0-301F-11D3-BF4B-00C04F79EFBC}") = "ShoppingCart.Data.Tests", "ShoppingCartIntegrationTests\ShoppingCart.Data.Tests.csproj", "{2B2EFAE1-88FF-4015-84E7-68D325A12A2D}"
EndProject
Project("{2150E333-8FDC-42A3-9474-1A3956D46DE8}") = "Services", "Services", "{C424D99D-DD8E-4BB9-9E2A-5B68A1266231}"
EndProject
Project("{FAE04EC0-301F-11D3-BF4B-00C04F79EFBC}") = "ShoppingCart.Services", "ShoppingCart.Services\ShoppingCart.Services.csproj", "{C02E22F1-A8BE-4341-AA97-6DED012D20EF}"
EndProject
Project("{FAE04EC0-301F-11D3-BF4B-00C04F79EFBC}") = "ShoppingCart.Services.Tests", "ShoppingCart.Services.Tests\ShoppingCart.Services.Tests.csproj", "{3BA9AEEB-5325-4E36-B443-184CEB8B15FD}"
EndProject
Project("{FAE04EC0-301F-11D3-BF4B-00C04F79EFBC}") = "DesignTimeHelpers", "DesignTimeHelpers\DesignTimeHelpers.csproj", "{421DE0C8-8CED-4E27-80F6-40F1B253E84D}"
EndProject
Project("{2150E333-8FDC-42A3-9474-1A3956D46DE8}") = "Data", "Data", "{C57F0B24-3F7A-4B74-9E50-9A105E55C1A7}"
EndProject
Project("{2150E333-8FDC-42A3-9474-1A3956D46DE8}") = "Domain", "Domain", "{733E6D49-318A-41D7-AD73-ACB1E09546ED}"
EndProject
Project("{2150E333-8FDC-42A3-9474-1A3956D46DE8}") = "Tests", "Tests", "{8B8BD90E-87AE-4FCB-AE08-262CA2AF593D}"
EndProject
Project("{FAE04EC0-301F-11D3-BF4B-00C04F79EFBC}") = "Order.Domain", "Order.Domain\Order.Domain.csproj", "{18F9F436-370C-4129-9A7B-9EB43B49BCEE}"
EndProject
Project("{FAE04EC0-301F-11D3-BF4B-00C04F79EFBC}") = "Order.Data", "Order.Data\Order.Data.csproj", "{260BEA94-EC54-4460-8F75-F33F551FCBB6}"
EndProject
Project("{FAE04EC0-301F-11D3-BF4B-00C04F79EFBC}") = "Order.Domain.Tests", "Order.Domain.Tests\Order.Domain.Tests.csproj", "{263D5C37-B254-4779-95EE-252F2C3E75D5}"
EndProject
Project("{FAE04EC0-301F-11D3-BF4B-00C04F79EFBC}") = "Order.Data.Tests", "Order.Data.Tests\Order.Data.Tests.csproj", "{534AD8A5-925E-4D47-ABA2-DEFEC13C3909}"
EndProject
Project("{2150E333-8FDC-42A3-9474-1A3956D46DE8}") = "Read", "Read", "{42FEA83F-3098-4B20-9EB9-1326A2448A74}"
EndProject
Project("{2150E333-8FDC-42A3-9474-1A3956D46DE8}") = "Write", "Write", "{0EDA9DA0-78EC-4D7A-B776-D6EEA8B484A0}"
EndProject
Project("{2150E333-8FDC-42A3-9474-1A3956D46DE8}") = "Domain", "Domain", "{9D034F84-2122-4444-8B99-D1B20949BECE}"
EndProject
Project("{2150E333-8FDC-42A3-9474-1A3956D46DE8}") = "Data", "Data", "{5BD85E36-BD5A-4A17-A34A-D38559BE1947}"
EndProject
Project("{2150E333-8FDC-42A3-9474-1A3956D46DE8}") = "Data", "Data", "{969A13F8-1B50-43F7-876E-622666B21F02}"
EndProject
Project("{2150E333-8FDC-42A3-9474-1A3956D46DE8}") = "Domain", "Domain", "{FCBE52F1-CA07-4BD6-B923-CC37D6CF8CB1}"
EndProject
Project("{2150E333-8FDC-42A3-9474-1A3956D46DE8}") = "BC_Order_CQRS", "BC_Order_CQRS", "{25AE8414-4336-4DA9-BFB8-9DBA8BBDCB10}"
EndProject
Project("{FAE04EC0-301F-11D3-BF4B-00C04F79EFBC}") = "Order.Read.Domain", "Order.Read.Domain\Order.Read.Domain.csproj", "{1850D640-4F3E-4830-91CC-D12FC300CC27}"
EndProject
Project("{FAE04EC0-301F-11D3-BF4B-00C04F79EFBC}") = "Order.Write.Domain", "Order.Write.Domain\Order.Write.Domain.csproj", "{9A988545-2A28-4102-BEAB-7CE97F5D830D}"
EndProject
Project("{FAE04EC0-301F-11D3-BF4B-00C04F79EFBC}") = "Order.Read.Data", "Order.Read.Data\Order.Read.Data.csproj", "{84A7FC99-C82C-4556-8103-AEF7393E4230}"
EndProject
Project("{FAE04EC0-301F-11D3-BF4B-00C04F79EFBC}") = "Order.Write.Data", "Order.Write.Data\Order.Write.Data.csproj", "{BD9303C4-9F48-4477-AF7E-FB38A154AC18}"
EndProject
Project("{FAE04EC0-301F-11D3-BF4B-00C04F79EFBC}") = "ShoppingCart.Tests.FullDb", "ShoppingCart.Tests.FullDb\ShoppingCart.Tests.FullDb.csproj", "{6B1FD8B5-419B-4A44-8491-43160BD7A8E1}"
EndProject
Global
	GlobalSection(SolutionConfigurationPlatforms) = preSolution
		Debug|Any CPU = Debug|Any CPU
		Release|Any CPU = Release|Any CPU
		Test|Any CPU = Test|Any CPU
	EndGlobalSection
	GlobalSection(ProjectConfigurationPlatforms) = postSolution
		{51F7CB6A-0A57-4FB9-B311-F43545D70B49}.Debug|Any CPU.ActiveCfg = Debug|Any CPU
		{51F7CB6A-0A57-4FB9-B311-F43545D70B49}.Debug|Any CPU.Build.0 = Debug|Any CPU
		{51F7CB6A-0A57-4FB9-B311-F43545D70B49}.Release|Any CPU.ActiveCfg = Release|Any CPU
		{51F7CB6A-0A57-4FB9-B311-F43545D70B49}.Release|Any CPU.Build.0 = Release|Any CPU
		{51F7CB6A-0A57-4FB9-B311-F43545D70B49}.Test|Any CPU.ActiveCfg = Debug|Any CPU
		{2CB1DCC3-D94A-493F-8AC4-9F0BC0B75603}.Debug|Any CPU.ActiveCfg = Debug|Any CPU
		{2CB1DCC3-D94A-493F-8AC4-9F0BC0B75603}.Debug|Any CPU.Build.0 = Debug|Any CPU
		{2CB1DCC3-D94A-493F-8AC4-9F0BC0B75603}.Release|Any CPU.ActiveCfg = Release|Any CPU
		{2CB1DCC3-D94A-493F-8AC4-9F0BC0B75603}.Release|Any CPU.Build.0 = Release|Any CPU
		{2CB1DCC3-D94A-493F-8AC4-9F0BC0B75603}.Test|Any CPU.ActiveCfg = Debug|Any CPU
		{DBCC5394-B845-448F-A7CD-161068F16E22}.Debug|Any CPU.ActiveCfg = Debug|Any CPU
		{DBCC5394-B845-448F-A7CD-161068F16E22}.Debug|Any CPU.Build.0 = Debug|Any CPU
		{DBCC5394-B845-448F-A7CD-161068F16E22}.Release|Any CPU.ActiveCfg = Release|Any CPU
		{DBCC5394-B845-448F-A7CD-161068F16E22}.Release|Any CPU.Build.0 = Release|Any CPU
		{DBCC5394-B845-448F-A7CD-161068F16E22}.Test|Any CPU.ActiveCfg = Debug|Any CPU
		{4F0AF1A2-1D9A-4AA1-A802-E046890BCB71}.Debug|Any CPU.ActiveCfg = Debug|Any CPU
		{4F0AF1A2-1D9A-4AA1-A802-E046890BCB71}.Debug|Any CPU.Build.0 = Debug|Any CPU
		{4F0AF1A2-1D9A-4AA1-A802-E046890BCB71}.Release|Any CPU.ActiveCfg = Release|Any CPU
		{4F0AF1A2-1D9A-4AA1-A802-E046890BCB71}.Release|Any CPU.Build.0 = Release|Any CPU
		{4F0AF1A2-1D9A-4AA1-A802-E046890BCB71}.Test|Any CPU.ActiveCfg = Debug|Any CPU
		{66A1BCDA-33E6-4B13-9086-DDE42D3CE558}.Debug|Any CPU.ActiveCfg = Debug|Any CPU
		{66A1BCDA-33E6-4B13-9086-DDE42D3CE558}.Debug|Any CPU.Build.0 = Debug|Any CPU
		{66A1BCDA-33E6-4B13-9086-DDE42D3CE558}.Release|Any CPU.ActiveCfg = Release|Any CPU
		{66A1BCDA-33E6-4B13-9086-DDE42D3CE558}.Release|Any CPU.Build.0 = Release|Any CPU
		{66A1BCDA-33E6-4B13-9086-DDE42D3CE558}.Test|Any CPU.ActiveCfg = Debug|Any CPU
		{DA8CFCD3-0C8A-4BAE-BFBB-F0AE5E4C7070}.Debug|Any CPU.ActiveCfg = Debug|Any CPU
		{DA8CFCD3-0C8A-4BAE-BFBB-F0AE5E4C7070}.Debug|Any CPU.Build.0 = Debug|Any CPU
		{DA8CFCD3-0C8A-4BAE-BFBB-F0AE5E4C7070}.Release|Any CPU.ActiveCfg = Release|Any CPU
		{DA8CFCD3-0C8A-4BAE-BFBB-F0AE5E4C7070}.Release|Any CPU.Build.0 = Release|Any CPU
		{DA8CFCD3-0C8A-4BAE-BFBB-F0AE5E4C7070}.Test|Any CPU.ActiveCfg = Debug|Any CPU
		{81378D3B-B9FA-48FF-BFA0-107719E6F0DD}.Debug|Any CPU.ActiveCfg = Debug|Any CPU
		{81378D3B-B9FA-48FF-BFA0-107719E6F0DD}.Debug|Any CPU.Build.0 = Debug|Any CPU
		{81378D3B-B9FA-48FF-BFA0-107719E6F0DD}.Release|Any CPU.ActiveCfg = Release|Any CPU
		{81378D3B-B9FA-48FF-BFA0-107719E6F0DD}.Release|Any CPU.Build.0 = Release|Any CPU
		{81378D3B-B9FA-48FF-BFA0-107719E6F0DD}.Test|Any CPU.ActiveCfg = Debug|Any CPU
		{FB761ADA-E2AA-4E7C-AF13-706552DA3956}.Debug|Any CPU.ActiveCfg = Debug|Any CPU
		{FB761ADA-E2AA-4E7C-AF13-706552DA3956}.Debug|Any CPU.Build.0 = Debug|Any CPU
		{FB761ADA-E2AA-4E7C-AF13-706552DA3956}.Release|Any CPU.ActiveCfg = Release|Any CPU
		{FB761ADA-E2AA-4E7C-AF13-706552DA3956}.Release|Any CPU.Build.0 = Release|Any CPU
		{FB761ADA-E2AA-4E7C-AF13-706552DA3956}.Test|Any CPU.ActiveCfg = Test|Any CPU
		{E18392A5-1D39-47DF-8D1D-57FA64AB750E}.Debug|Any CPU.ActiveCfg = Debug|Any CPU
		{E18392A5-1D39-47DF-8D1D-57FA64AB750E}.Debug|Any CPU.Build.0 = Debug|Any CPU
		{E18392A5-1D39-47DF-8D1D-57FA64AB750E}.Release|Any CPU.ActiveCfg = Release|Any CPU
		{E18392A5-1D39-47DF-8D1D-57FA64AB750E}.Release|Any CPU.Build.0 = Release|Any CPU
		{E18392A5-1D39-47DF-8D1D-57FA64AB750E}.Test|Any CPU.ActiveCfg = Debug|Any CPU
		{20ECAFA0-24EA-4C10-842B-CDCACD7866F5}.Debug|Any CPU.ActiveCfg = Debug|Any CPU
		{20ECAFA0-24EA-4C10-842B-CDCACD7866F5}.Debug|Any CPU.Build.0 = Debug|Any CPU
		{20ECAFA0-24EA-4C10-842B-CDCACD7866F5}.Release|Any CPU.ActiveCfg = Release|Any CPU
		{20ECAFA0-24EA-4C10-842B-CDCACD7866F5}.Release|Any CPU.Build.0 = Release|Any CPU
		{20ECAFA0-24EA-4C10-842B-CDCACD7866F5}.Test|Any CPU.ActiveCfg = Debug|Any CPU
		{6CF8F731-C364-41A0-991B-582F760639A7}.Debug|Any CPU.ActiveCfg = Debug|Any CPU
		{6CF8F731-C364-41A0-991B-582F760639A7}.Debug|Any CPU.Build.0 = Debug|Any CPU
		{6CF8F731-C364-41A0-991B-582F760639A7}.Release|Any CPU.ActiveCfg = Release|Any CPU
		{6CF8F731-C364-41A0-991B-582F760639A7}.Release|Any CPU.Build.0 = Release|Any CPU
		{6CF8F731-C364-41A0-991B-582F760639A7}.Test|Any CPU.ActiveCfg = Test|Any CPU
		{6CF8F731-C364-41A0-991B-582F760639A7}.Test|Any CPU.Build.0 = Test|Any CPU
		{7D88CE02-576B-49F4-AA7F-EED90CBF7682}.Debug|Any CPU.ActiveCfg = Debug|Any CPU
		{7D88CE02-576B-49F4-AA7F-EED90CBF7682}.Debug|Any CPU.Build.0 = Debug|Any CPU
		{7D88CE02-576B-49F4-AA7F-EED90CBF7682}.Release|Any CPU.ActiveCfg = Release|Any CPU
		{7D88CE02-576B-49F4-AA7F-EED90CBF7682}.Release|Any CPU.Build.0 = Release|Any CPU
		{7D88CE02-576B-49F4-AA7F-EED90CBF7682}.Test|Any CPU.ActiveCfg = Test|Any CPU
		{7D88CE02-576B-49F4-AA7F-EED90CBF7682}.Test|Any CPU.Build.0 = Test|Any CPU
		{37105ED2-7DA0-4DE8-B7DB-252048128E52}.Debug|Any CPU.ActiveCfg = Debug|Any CPU
		{37105ED2-7DA0-4DE8-B7DB-252048128E52}.Debug|Any CPU.Build.0 = Debug|Any CPU
		{37105ED2-7DA0-4DE8-B7DB-252048128E52}.Release|Any CPU.ActiveCfg = Release|Any CPU
		{37105ED2-7DA0-4DE8-B7DB-252048128E52}.Release|Any CPU.Build.0 = Release|Any CPU
		{37105ED2-7DA0-4DE8-B7DB-252048128E52}.Test|Any CPU.ActiveCfg = Release|Any CPU
		{37105ED2-7DA0-4DE8-B7DB-252048128E52}.Test|Any CPU.Build.0 = Release|Any CPU
		{2B2EFAE1-88FF-4015-84E7-68D325A12A2D}.Debug|Any CPU.ActiveCfg = Debug|Any CPU
		{2B2EFAE1-88FF-4015-84E7-68D325A12A2D}.Debug|Any CPU.Build.0 = Debug|Any CPU
		{2B2EFAE1-88FF-4015-84E7-68D325A12A2D}.Release|Any CPU.ActiveCfg = Release|Any CPU
		{2B2EFAE1-88FF-4015-84E7-68D325A12A2D}.Release|Any CPU.Build.0 = Release|Any CPU
		{2B2EFAE1-88FF-4015-84E7-68D325A12A2D}.Test|Any CPU.ActiveCfg = Release|Any CPU
		{2B2EFAE1-88FF-4015-84E7-68D325A12A2D}.Test|Any CPU.Build.0 = Release|Any CPU
		{C02E22F1-A8BE-4341-AA97-6DED012D20EF}.Debug|Any CPU.ActiveCfg = Debug|Any CPU
		{C02E22F1-A8BE-4341-AA97-6DED012D20EF}.Debug|Any CPU.Build.0 = Debug|Any CPU
		{C02E22F1-A8BE-4341-AA97-6DED012D20EF}.Release|Any CPU.ActiveCfg = Release|Any CPU
		{C02E22F1-A8BE-4341-AA97-6DED012D20EF}.Release|Any CPU.Build.0 = Release|Any CPU
		{C02E22F1-A8BE-4341-AA97-6DED012D20EF}.Test|Any CPU.ActiveCfg = Release|Any CPU
		{C02E22F1-A8BE-4341-AA97-6DED012D20EF}.Test|Any CPU.Build.0 = Release|Any CPU
		{3BA9AEEB-5325-4E36-B443-184CEB8B15FD}.Debug|Any CPU.ActiveCfg = Debug|Any CPU
		{3BA9AEEB-5325-4E36-B443-184CEB8B15FD}.Debug|Any CPU.Build.0 = Debug|Any CPU
		{3BA9AEEB-5325-4E36-B443-184CEB8B15FD}.Release|Any CPU.ActiveCfg = Release|Any CPU
		{3BA9AEEB-5325-4E36-B443-184CEB8B15FD}.Release|Any CPU.Build.0 = Release|Any CPU
		{3BA9AEEB-5325-4E36-B443-184CEB8B15FD}.Test|Any CPU.ActiveCfg = Release|Any CPU
		{3BA9AEEB-5325-4E36-B443-184CEB8B15FD}.Test|Any CPU.Build.0 = Release|Any CPU
		{421DE0C8-8CED-4E27-80F6-40F1B253E84D}.Debug|Any CPU.ActiveCfg = Debug|Any CPU
		{421DE0C8-8CED-4E27-80F6-40F1B253E84D}.Debug|Any CPU.Build.0 = Debug|Any CPU
		{421DE0C8-8CED-4E27-80F6-40F1B253E84D}.Release|Any CPU.ActiveCfg = Release|Any CPU
		{421DE0C8-8CED-4E27-80F6-40F1B253E84D}.Release|Any CPU.Build.0 = Release|Any CPU
		{421DE0C8-8CED-4E27-80F6-40F1B253E84D}.Test|Any CPU.ActiveCfg = Release|Any CPU
		{421DE0C8-8CED-4E27-80F6-40F1B253E84D}.Test|Any CPU.Build.0 = Release|Any CPU
		{18F9F436-370C-4129-9A7B-9EB43B49BCEE}.Debug|Any CPU.ActiveCfg = Debug|Any CPU
		{18F9F436-370C-4129-9A7B-9EB43B49BCEE}.Debug|Any CPU.Build.0 = Debug|Any CPU
		{18F9F436-370C-4129-9A7B-9EB43B49BCEE}.Release|Any CPU.ActiveCfg = Release|Any CPU
		{18F9F436-370C-4129-9A7B-9EB43B49BCEE}.Release|Any CPU.Build.0 = Release|Any CPU
		{18F9F436-370C-4129-9A7B-9EB43B49BCEE}.Test|Any CPU.ActiveCfg = Release|Any CPU
		{18F9F436-370C-4129-9A7B-9EB43B49BCEE}.Test|Any CPU.Build.0 = Release|Any CPU
		{260BEA94-EC54-4460-8F75-F33F551FCBB6}.Debug|Any CPU.ActiveCfg = Debug|Any CPU
		{260BEA94-EC54-4460-8F75-F33F551FCBB6}.Debug|Any CPU.Build.0 = Debug|Any CPU
		{260BEA94-EC54-4460-8F75-F33F551FCBB6}.Release|Any CPU.ActiveCfg = Release|Any CPU
		{260BEA94-EC54-4460-8F75-F33F551FCBB6}.Release|Any CPU.Build.0 = Release|Any CPU
		{260BEA94-EC54-4460-8F75-F33F551FCBB6}.Test|Any CPU.ActiveCfg = Release|Any CPU
		{260BEA94-EC54-4460-8F75-F33F551FCBB6}.Test|Any CPU.Build.0 = Release|Any CPU
		{263D5C37-B254-4779-95EE-252F2C3E75D5}.Debug|Any CPU.ActiveCfg = Debug|Any CPU
		{263D5C37-B254-4779-95EE-252F2C3E75D5}.Debug|Any CPU.Build.0 = Debug|Any CPU
		{263D5C37-B254-4779-95EE-252F2C3E75D5}.Release|Any CPU.ActiveCfg = Release|Any CPU
		{263D5C37-B254-4779-95EE-252F2C3E75D5}.Release|Any CPU.Build.0 = Release|Any CPU
		{263D5C37-B254-4779-95EE-252F2C3E75D5}.Test|Any CPU.ActiveCfg = Release|Any CPU
		{263D5C37-B254-4779-95EE-252F2C3E75D5}.Test|Any CPU.Build.0 = Release|Any CPU
		{534AD8A5-925E-4D47-ABA2-DEFEC13C3909}.Debug|Any CPU.ActiveCfg = Debug|Any CPU
		{534AD8A5-925E-4D47-ABA2-DEFEC13C3909}.Debug|Any CPU.Build.0 = Debug|Any CPU
		{534AD8A5-925E-4D47-ABA2-DEFEC13C3909}.Release|Any CPU.ActiveCfg = Release|Any CPU
		{534AD8A5-925E-4D47-ABA2-DEFEC13C3909}.Release|Any CPU.Build.0 = Release|Any CPU
		{534AD8A5-925E-4D47-ABA2-DEFEC13C3909}.Test|Any CPU.ActiveCfg = Release|Any CPU
		{534AD8A5-925E-4D47-ABA2-DEFEC13C3909}.Test|Any CPU.Build.0 = Release|Any CPU
		{1850D640-4F3E-4830-91CC-D12FC300CC27}.Debug|Any CPU.ActiveCfg = Debug|Any CPU
		{1850D640-4F3E-4830-91CC-D12FC300CC27}.Debug|Any CPU.Build.0 = Debug|Any CPU
		{1850D640-4F3E-4830-91CC-D12FC300CC27}.Release|Any CPU.ActiveCfg = Release|Any CPU
		{1850D640-4F3E-4830-91CC-D12FC300CC27}.Release|Any CPU.Build.0 = Release|Any CPU
		{1850D640-4F3E-4830-91CC-D12FC300CC27}.Test|Any CPU.ActiveCfg = Release|Any CPU
		{1850D640-4F3E-4830-91CC-D12FC300CC27}.Test|Any CPU.Build.0 = Release|Any CPU
		{9A988545-2A28-4102-BEAB-7CE97F5D830D}.Debug|Any CPU.ActiveCfg = Debug|Any CPU
		{9A988545-2A28-4102-BEAB-7CE97F5D830D}.Debug|Any CPU.Build.0 = Debug|Any CPU
		{9A988545-2A28-4102-BEAB-7CE97F5D830D}.Release|Any CPU.ActiveCfg = Release|Any CPU
		{9A988545-2A28-4102-BEAB-7CE97F5D830D}.Release|Any CPU.Build.0 = Release|Any CPU
		{9A988545-2A28-4102-BEAB-7CE97F5D830D}.Test|Any CPU.ActiveCfg = Release|Any CPU
		{9A988545-2A28-4102-BEAB-7CE97F5D830D}.Test|Any CPU.Build.0 = Release|Any CPU
		{84A7FC99-C82C-4556-8103-AEF7393E4230}.Debug|Any CPU.ActiveCfg = Debug|Any CPU
		{84A7FC99-C82C-4556-8103-AEF7393E4230}.Debug|Any CPU.Build.0 = Debug|Any CPU
		{84A7FC99-C82C-4556-8103-AEF7393E4230}.Release|Any CPU.ActiveCfg = Release|Any CPU
		{84A7FC99-C82C-4556-8103-AEF7393E4230}.Release|Any CPU.Build.0 = Release|Any CPU
		{84A7FC99-C82C-4556-8103-AEF7393E4230}.Test|Any CPU.ActiveCfg = Release|Any CPU
		{84A7FC99-C82C-4556-8103-AEF7393E4230}.Test|Any CPU.Build.0 = Release|Any CPU
		{BD9303C4-9F48-4477-AF7E-FB38A154AC18}.Debug|Any CPU.ActiveCfg = Debug|Any CPU
		{BD9303C4-9F48-4477-AF7E-FB38A154AC18}.Debug|Any CPU.Build.0 = Debug|Any CPU
		{BD9303C4-9F48-4477-AF7E-FB38A154AC18}.Release|Any CPU.ActiveCfg = Release|Any CPU
		{BD9303C4-9F48-4477-AF7E-FB38A154AC18}.Release|Any CPU.Build.0 = Release|Any CPU
		{BD9303C4-9F48-4477-AF7E-FB38A154AC18}.Test|Any CPU.ActiveCfg = Release|Any CPU
		{BD9303C4-9F48-4477-AF7E-FB38A154AC18}.Test|Any CPU.Build.0 = Release|Any CPU
		{6B1FD8B5-419B-4A44-8491-43160BD7A8E1}.Debug|Any CPU.ActiveCfg = Debug|Any CPU
		{6B1FD8B5-419B-4A44-8491-43160BD7A8E1}.Debug|Any CPU.Build.0 = Debug|Any CPU
		{6B1FD8B5-419B-4A44-8491-43160BD7A8E1}.Release|Any CPU.ActiveCfg = Release|Any CPU
		{6B1FD8B5-419B-4A44-8491-43160BD7A8E1}.Release|Any CPU.Build.0 = Release|Any CPU
		{6B1FD8B5-419B-4A44-8491-43160BD7A8E1}.Test|Any CPU.ActiveCfg = Release|Any CPU
		{6B1FD8B5-419B-4A44-8491-43160BD7A8E1}.Test|Any CPU.Build.0 = Release|Any CPU
	EndGlobalSection
	GlobalSection(SolutionProperties) = preSolution
		HideSolutionNode = FALSE
	EndGlobalSection
	GlobalSection(NestedProjects) = preSolution
		{2CB1DCC3-D94A-493F-8AC4-9F0BC0B75603} = {612BC30D-E217-407B-80BA-8189AC5FEC5A}
		{DBCC5394-B845-448F-A7CD-161068F16E22} = {612BC30D-E217-407B-80BA-8189AC5FEC5A}
		{4F0AF1A2-1D9A-4AA1-A802-E046890BCB71} = {612BC30D-E217-407B-80BA-8189AC5FEC5A}
		{6264BEE0-8E2E-4FAF-AA2F-B9CEC4256926} = {4F193F90-E9BF-4CBA-80CC-D4241E88F053}
		{AFDC65F7-AEE2-4D09-ABBA-7AE78E2EFC6E} = {4F193F90-E9BF-4CBA-80CC-D4241E88F053}
		{DAE59A7D-1C4A-40E4-9EFB-D0792762E4D3} = {4F193F90-E9BF-4CBA-80CC-D4241E88F053}
		{0B9B4167-9094-47B7-9DB1-241037DDA508} = {F421F183-9D81-4905-BF3D-3E222DA28BBF}
		{07C72F2D-8D6F-40DF-8567-64955551B4CF} = {F421F183-9D81-4905-BF3D-3E222DA28BBF}
		{D35065AF-613B-4724-8C98-7790A05F5CD5} = {F421F183-9D81-4905-BF3D-3E222DA28BBF}
		{81378D3B-B9FA-48FF-BFA0-107719E6F0DD} = {AFDC65F7-AEE2-4D09-ABBA-7AE78E2EFC6E}
		{FB761ADA-E2AA-4E7C-AF13-706552DA3956} = {6264BEE0-8E2E-4FAF-AA2F-B9CEC4256926}
		{E18392A5-1D39-47DF-8D1D-57FA64AB750E} = {DAE59A7D-1C4A-40E4-9EFB-D0792762E4D3}
		{20ECAFA0-24EA-4C10-842B-CDCACD7866F5} = {DAE59A7D-1C4A-40E4-9EFB-D0792762E4D3}
		{6CF8F731-C364-41A0-991B-582F760639A7} = {07C72F2D-8D6F-40DF-8567-64955551B4CF}
		{7D88CE02-576B-49F4-AA7F-EED90CBF7682} = {D35065AF-613B-4724-8C98-7790A05F5CD5}
		{37105ED2-7DA0-4DE8-B7DB-252048128E52} = {0B9B4167-9094-47B7-9DB1-241037DDA508}
		{2B2EFAE1-88FF-4015-84E7-68D325A12A2D} = {D35065AF-613B-4724-8C98-7790A05F5CD5}
		{C424D99D-DD8E-4BB9-9E2A-5B68A1266231} = {F421F183-9D81-4905-BF3D-3E222DA28BBF}
		{C02E22F1-A8BE-4341-AA97-6DED012D20EF} = {C424D99D-DD8E-4BB9-9E2A-5B68A1266231}
		{3BA9AEEB-5325-4E36-B443-184CEB8B15FD} = {D35065AF-613B-4724-8C98-7790A05F5CD5}
		{C57F0B24-3F7A-4B74-9E50-9A105E55C1A7} = {AA9A60B7-3036-4FAA-827B-C86D973A2FCE}
		{733E6D49-318A-41D7-AD73-ACB1E09546ED} = {AA9A60B7-3036-4FAA-827B-C86D973A2FCE}
		{8B8BD90E-87AE-4FCB-AE08-262CA2AF593D} = {AA9A60B7-3036-4FAA-827B-C86D973A2FCE}
		{18F9F436-370C-4129-9A7B-9EB43B49BCEE} = {733E6D49-318A-41D7-AD73-ACB1E09546ED}
		{260BEA94-EC54-4460-8F75-F33F551FCBB6} = {C57F0B24-3F7A-4B74-9E50-9A105E55C1A7}
		{263D5C37-B254-4779-95EE-252F2C3E75D5} = {8B8BD90E-87AE-4FCB-AE08-262CA2AF593D}
		{534AD8A5-925E-4D47-ABA2-DEFEC13C3909} = {8B8BD90E-87AE-4FCB-AE08-262CA2AF593D}
		{42FEA83F-3098-4B20-9EB9-1326A2448A74} = {25AE8414-4336-4DA9-BFB8-9DBA8BBDCB10}
		{0EDA9DA0-78EC-4D7A-B776-D6EEA8B484A0} = {25AE8414-4336-4DA9-BFB8-9DBA8BBDCB10}
		{9D034F84-2122-4444-8B99-D1B20949BECE} = {42FEA83F-3098-4B20-9EB9-1326A2448A74}
		{5BD85E36-BD5A-4A17-A34A-D38559BE1947} = {42FEA83F-3098-4B20-9EB9-1326A2448A74}
		{969A13F8-1B50-43F7-876E-622666B21F02} = {0EDA9DA0-78EC-4D7A-B776-D6EEA8B484A0}
		{FCBE52F1-CA07-4BD6-B923-CC37D6CF8CB1} = {0EDA9DA0-78EC-4D7A-B776-D6EEA8B484A0}
		{1850D640-4F3E-4830-91CC-D12FC300CC27} = {9D034F84-2122-4444-8B99-D1B20949BECE}
		{9A988545-2A28-4102-BEAB-7CE97F5D830D} = {FCBE52F1-CA07-4BD6-B923-CC37D6CF8CB1}
		{84A7FC99-C82C-4556-8103-AEF7393E4230} = {5BD85E36-BD5A-4A17-A34A-D38559BE1947}
		{BD9303C4-9F48-4477-AF7E-FB38A154AC18} = {969A13F8-1B50-43F7-876E-622666B21F02}
		{6B1FD8B5-419B-4A44-8491-43160BD7A8E1} = {D35065AF-613B-4724-8C98-7790A05F5CD5}
	EndGlobalSection
EndGlobal
